// !$*UTF8*$!
{
	archiveVersion = 1;
	classes = {
	};
	objectVersion = 50;
	objects = {

/* Begin PBXBuildFile section */
		C08D200D21C31F4200403B28 /* AppDelegate.swift in Sources */ = {isa = PBXBuildFile; fileRef = C08D200C21C31F4200403B28 /* AppDelegate.swift */; };
		C08D200F21C31F4200403B28 /* ViewController.swift in Sources */ = {isa = PBXBuildFile; fileRef = C08D200E21C31F4200403B28 /* ViewController.swift */; };
		C08D201221C31F4200403B28 /* Main.storyboard in Resources */ = {isa = PBXBuildFile; fileRef = C08D201021C31F4200403B28 /* Main.storyboard */; };
		C08D201421C31F4800403B28 /* Assets.xcassets in Resources */ = {isa = PBXBuildFile; fileRef = C08D201321C31F4800403B28 /* Assets.xcassets */; };
		C08D201721C31F4800403B28 /* LaunchScreen.storyboard in Resources */ = {isa = PBXBuildFile; fileRef = C08D201521C31F4800403B28 /* LaunchScreen.storyboard */; };
		C08D202221C31F4800403B28 /* tip_calculatorTests.swift in Sources */ = {isa = PBXBuildFile; fileRef = C08D202121C31F4800403B28 /* tip_calculatorTests.swift */; };
		C08D202D21C31F4800403B28 /* tip_calculatorUITests.swift in Sources */ = {isa = PBXBuildFile; fileRef = C08D202C21C31F4800403B28 /* tip_calculatorUITests.swift */; };
		C08D203B21C3327F00403B28 /* SettingsViewController.swift in Sources */ = {isa = PBXBuildFile; fileRef = C08D203A21C3327F00403B28 /* SettingsViewController.swift */; };
/* End PBXBuildFile section */

/* Begin PBXContainerItemProxy section */
		C08D201E21C31F4800403B28 /* PBXContainerItemProxy */ = {
			isa = PBXContainerItemProxy;
			containerPortal = C08D200121C31F4200403B28 /* Project object */;
			proxyType = 1;
			remoteGlobalIDString = C08D200821C31F4200403B28;
			remoteInfo = tip_calculator;
		};
		C08D202921C31F4800403B28 /* PBXContainerItemProxy */ = {
			isa = PBXContainerItemProxy;
			containerPortal = C08D200121C31F4200403B28 /* Project object */;
			proxyType = 1;
			remoteGlobalIDString = C08D200821C31F4200403B28;
			remoteInfo = tip_calculator;
		};
/* End PBXContainerItemProxy section */

/* Begin PBXFileReference section */
		C08D200921C31F4200403B28 /* tip_calculator.app */ = {isa = PBXFileReference; explicitFileType = wrapper.application; includeInIndex = 0; path = tip_calculator.app; sourceTree = BUILT_PRODUCTS_DIR; };
		C08D200C21C31F4200403B28 /* AppDelegate.swift */ = {isa = PBXFileReference; lastKnownFileType = sourcecode.swift; path = AppDelegate.swift; sourceTree = "<group>"; };
		C08D200E21C31F4200403B28 /* ViewController.swift */ = {isa = PBXFileReference; lastKnownFileType = sourcecode.swift; path = ViewController.swift; sourceTree = "<group>"; };
		C08D201121C31F4200403B28 /* Base */ = {isa = PBXFileReference; lastKnownFileType = file.storyboard; name = Base; path = Base.lproj/Main.storyboard; sourceTree = "<group>"; };
		C08D201321C31F4800403B28 /* Assets.xcassets */ = {isa = PBXFileReference; lastKnownFileType = folder.assetcatalog; path = Assets.xcassets; sourceTree = "<group>"; };
		C08D201621C31F4800403B28 /* Base */ = {isa = PBXFileReference; lastKnownFileType = file.storyboard; name = Base; path = Base.lproj/LaunchScreen.storyboard; sourceTree = "<group>"; };
		C08D201821C31F4800403B28 /* Info.plist */ = {isa = PBXFileReference; lastKnownFileType = text.plist.xml; path = Info.plist; sourceTree = "<group>"; };
		C08D201D21C31F4800403B28 /* tip_calculatorTests.xctest */ = {isa = PBXFileReference; explicitFileType = wrapper.cfbundle; includeInIndex = 0; path = tip_calculatorTests.xctest; sourceTree = BUILT_PRODUCTS_DIR; };
		C08D202121C31F4800403B28 /* tip_calculatorTests.swift */ = {isa = PBXFileReference; lastKnownFileType = sourcecode.swift; path = tip_calculatorTests.swift; sourceTree = "<group>"; };
		C08D202321C31F4800403B28 /* Info.plist */ = {isa = PBXFileReference; lastKnownFileType = text.plist.xml; path = Info.plist; sourceTree = "<group>"; };
		C08D202821C31F4800403B28 /* tip_calculatorUITests.xctest */ = {isa = PBXFileReference; explicitFileType = wrapper.cfbundle; includeInIndex = 0; path = tip_calculatorUITests.xctest; sourceTree = BUILT_PRODUCTS_DIR; };
		C08D202C21C31F4800403B28 /* tip_calculatorUITests.swift */ = {isa = PBXFileReference; lastKnownFileType = sourcecode.swift; path = tip_calculatorUITests.swift; sourceTree = "<group>"; };
		C08D202E21C31F4800403B28 /* Info.plist */ = {isa = PBXFileReference; lastKnownFileType = text.plist.xml; path = Info.plist; sourceTree = "<group>"; };
		C08D203A21C3327F00403B28 /* SettingsViewController.swift */ = {isa = PBXFileReference; lastKnownFileType = sourcecode.swift; path = SettingsViewController.swift; sourceTree = "<group>"; };
/* End PBXFileReference section */

/* Begin PBXFrameworksBuildPhase section */
		C08D200621C31F4200403B28 /* Frameworks */ = {
			isa = PBXFrameworksBuildPhase;
			buildActionMask = 2147483647;
			files = (
			);
			runOnlyForDeploymentPostprocessing = 0;
		};
		C08D201A21C31F4800403B28 /* Frameworks */ = {
			isa = PBXFrameworksBuildPhase;
			buildActionMask = 2147483647;
			files = (
			);
			runOnlyForDeploymentPostprocessing = 0;
		};
		C08D202521C31F4800403B28 /* Frameworks */ = {
			isa = PBXFrameworksBuildPhase;
			buildActionMask = 2147483647;
			files = (
			);
			runOnlyForDeploymentPostprocessing = 0;
		};
/* End PBXFrameworksBuildPhase section */

/* Begin PBXGroup section */
		C08D200021C31F4200403B28 = {
			isa = PBXGroup;
			children = (
				C08D200B21C31F4200403B28 /* tip_calculator */,
				C08D202021C31F4800403B28 /* tip_calculatorTests */,
				C08D202B21C31F4800403B28 /* tip_calculatorUITests */,
				C08D200A21C31F4200403B28 /* Products */,
			);
			sourceTree = "<group>";
		};
		C08D200A21C31F4200403B28 /* Products */ = {
			isa = PBXGroup;
			children = (
				C08D200921C31F4200403B28 /* tip_calculator.app */,
				C08D201D21C31F4800403B28 /* tip_calculatorTests.xctest */,
				C08D202821C31F4800403B28 /* tip_calculatorUITests.xctest */,
			);
			name = Products;
			sourceTree = "<group>";
		};
		C08D200B21C31F4200403B28 /* tip_calculator */ = {
			isa = PBXGroup;
			children = (
				C08D200C21C31F4200403B28 /* AppDelegate.swift */,
				C08D200E21C31F4200403B28 /* ViewController.swift */,
				C08D203A21C3327F00403B28 /* SettingsViewController.swift */,
				C08D201021C31F4200403B28 /* Main.storyboard */,
				C08D201321C31F4800403B28 /* Assets.xcassets */,
				C08D201521C31F4800403B28 /* LaunchScreen.storyboard */,
				C08D201821C31F4800403B28 /* Info.plist */,
			);
			path = tip_calculator;
			sourceTree = "<group>";
		};
		C08D202021C31F4800403B28 /* tip_calculatorTests */ = {
			isa = PBXGroup;
			children = (
				C08D202121C31F4800403B28 /* tip_calculatorTests.swift */,
				C08D202321C31F4800403B28 /* Info.plist */,
			);
			path = tip_calculatorTests;
			sourceTree = "<group>";
		};
		C08D202B21C31F4800403B28 /* tip_calculatorUITests */ = {
			isa = PBXGroup;
			children = (
				C08D202C21C31F4800403B28 /* tip_calculatorUITests.swift */,
				C08D202E21C31F4800403B28 /* Info.plist */,
			);
			path = tip_calculatorUITests;
			sourceTree = "<group>";
		};
/* End PBXGroup section */

/* Begin PBXNativeTarget section */
		C08D200821C31F4200403B28 /* tip_calculator */ = {
			isa = PBXNativeTarget;
			buildConfigurationList = C08D203121C31F4800403B28 /* Build configuration list for PBXNativeTarget "tip_calculator" */;
			buildPhases = (
				C08D200521C31F4200403B28 /* Sources */,
				C08D200621C31F4200403B28 /* Frameworks */,
				C08D200721C31F4200403B28 /* Resources */,
			);
			buildRules = (
			);
			dependencies = (
			);
			name = tip_calculator;
			productName = tip_calculator;
			productReference = C08D200921C31F4200403B28 /* tip_calculator.app */;
			productType = "com.apple.product-type.application";
		};
		C08D201C21C31F4800403B28 /* tip_calculatorTests */ = {
			isa = PBXNativeTarget;
			buildConfigurationList = C08D203421C31F4800403B28 /* Build configuration list for PBXNativeTarget "tip_calculatorTests" */;
			buildPhases = (
				C08D201921C31F4800403B28 /* Sources */,
				C08D201A21C31F4800403B28 /* Frameworks */,
				C08D201B21C31F4800403B28 /* Resources */,
			);
			buildRules = (
			);
			dependencies = (
				C08D201F21C31F4800403B28 /* PBXTargetDependency */,
			);
			name = tip_calculatorTests;
			productName = tip_calculatorTests;
			productReference = C08D201D21C31F4800403B28 /* tip_calculatorTests.xctest */;
			productType = "com.apple.product-type.bundle.unit-test";
		};
		C08D202721C31F4800403B28 /* tip_calculatorUITests */ = {
			isa = PBXNativeTarget;
			buildConfigurationList = C08D203721C31F4800403B28 /* Build configuration list for PBXNativeTarget "tip_calculatorUITests" */;
			buildPhases = (
				C08D202421C31F4800403B28 /* Sources */,
				C08D202521C31F4800403B28 /* Frameworks */,
				C08D202621C31F4800403B28 /* Resources */,
			);
			buildRules = (
			);
			dependencies = (
				C08D202A21C31F4800403B28 /* PBXTargetDependency */,
			);
			name = tip_calculatorUITests;
			productName = tip_calculatorUITests;
			productReference = C08D202821C31F4800403B28 /* tip_calculatorUITests.xctest */;
			productType = "com.apple.product-type.bundle.ui-testing";
		};
/* End PBXNativeTarget section */

/* Begin PBXProject section */
		C08D200121C31F4200403B28 /* Project object */ = {
			isa = PBXProject;
			attributes = {
				LastSwiftUpdateCheck = 1010;
				LastUpgradeCheck = 1010;
				ORGANIZATIONNAME = ChristopherStudios;
				TargetAttributes = {
					C08D200821C31F4200403B28 = {
						CreatedOnToolsVersion = 10.1;
					};
					C08D201C21C31F4800403B28 = {
						CreatedOnToolsVersion = 10.1;
						TestTargetID = C08D200821C31F4200403B28;
					};
					C08D202721C31F4800403B28 = {
						CreatedOnToolsVersion = 10.1;
						TestTargetID = C08D200821C31F4200403B28;
					};
				};
			};
			buildConfigurationList = C08D200421C31F4200403B28 /* Build configuration list for PBXProject "tip_calculator" */;
			compatibilityVersion = "Xcode 9.3";
			developmentRegion = en;
			hasScannedForEncodings = 0;
			knownRegions = (
				en,
				Base,
			);
			mainGroup = C08D200021C31F4200403B28;
			productRefGroup = C08D200A21C31F4200403B28 /* Products */;
			projectDirPath = "";
			projectRoot = "";
			targets = (
				C08D200821C31F4200403B28 /* tip_calculator */,
				C08D201C21C31F4800403B28 /* tip_calculatorTests */,
				C08D202721C31F4800403B28 /* tip_calculatorUITests */,
			);
		};
/* End PBXProject section */

/* Begin PBXResourcesBuildPhase section */
		C08D200721C31F4200403B28 /* Resources */ = {
			isa = PBXResourcesBuildPhase;
			buildActionMask = 2147483647;
			files = (
				C08D201721C31F4800403B28 /* LaunchScreen.storyboard in Resources */,
				C08D201421C31F4800403B28 /* Assets.xcassets in Resources */,
				C08D201221C31F4200403B28 /* Main.storyboard in Resources */,
			);
			runOnlyForDeploymentPostprocessing = 0;
		};
		C08D201B21C31F4800403B28 /* Resources */ = {
			isa = PBXResourcesBuildPhase;
			buildActionMask = 2147483647;
			files = (
			);
			runOnlyForDeploymentPostprocessing = 0;
		};
		C08D202621C31F4800403B28 /* Resources */ = {
			isa = PBXResourcesBuildPhase;
			buildActionMask = 2147483647;
			files = (
			);
			runOnlyForDeploymentPostprocessing = 0;
		};
/* End PBXResourcesBuildPhase section */

/* Begin PBXSourcesBuildPhase section */
		C08D200521C31F4200403B28 /* Sources */ = {
			isa = PBXSourcesBuildPhase;
			buildActionMask = 2147483647;
			files = (
				C08D200F21C31F4200403B28 /* ViewController.swift in Sources */,
				C08D200D21C31F4200403B28 /* AppDelegate.swift in Sources */,
				C08D203B21C3327F00403B28 /* SettingsViewController.swift in Sources */,
			);
			runOnlyForDeploymentPostprocessing = 0;
		};
		C08D201921C31F4800403B28 /* Sources */ = {
			isa = PBXSourcesBuildPhase;
			buildActionMask = 2147483647;
			files = (
				C08D202221C31F4800403B28 /* tip_calculatorTests.swift in Sources */,
			);
			runOnlyForDeploymentPostprocessing = 0;
		};
		C08D202421C31F4800403B28 /* Sources */ = {
			isa = PBXSourcesBuildPhase;
			buildActionMask = 2147483647;
			files = (
				C08D202D21C31F4800403B28 /* tip_calculatorUITests.swift in Sources */,
			);
			runOnlyForDeploymentPostprocessing = 0;
		};
/* End PBXSourcesBuildPhase section */

/* Begin PBXTargetDependency section */
		C08D201F21C31F4800403B28 /* PBXTargetDependency */ = {
			isa = PBXTargetDependency;
			target = C08D200821C31F4200403B28 /* tip_calculator */;
			targetProxy = C08D201E21C31F4800403B28 /* PBXContainerItemProxy */;
		};
		C08D202A21C31F4800403B28 /* PBXTargetDependency */ = {
			isa = PBXTargetDependency;
			target = C08D200821C31F4200403B28 /* tip_calculator */;
			targetProxy = C08D202921C31F4800403B28 /* PBXContainerItemProxy */;
		};
/* End PBXTargetDependency section */

/* Begin PBXVariantGroup section */
		C08D201021C31F4200403B28 /* Main.storyboard */ = {
			isa = PBXVariantGroup;
			children = (
				C08D201121C31F4200403B28 /* Base */,
			);
			name = Main.storyboard;
			sourceTree = "<group>";
		};
		C08D201521C31F4800403B28 /* LaunchScreen.storyboard */ = {
			isa = PBXVariantGroup;
			children = (
				C08D201621C31F4800403B28 /* Base */,
			);
			name = LaunchScreen.storyboard;
			sourceTree = "<group>";
		};
/* End PBXVariantGroup section */

/* Begin XCBuildConfiguration section */
		C08D202F21C31F4800403B28 /* Debug */ = {
			isa = XCBuildConfiguration;
			buildSettings = {
				ALWAYS_SEARCH_USER_PATHS = NO;
				CLANG_ANALYZER_NONNULL = YES;
				CLANG_ANALYZER_NUMBER_OBJECT_CONVERSION = YES_AGGRESSIVE;
				CLANG_CXX_LANGUAGE_STANDARD = "gnu++14";
				CLANG_CXX_LIBRARY = "libc++";
				CLANG_ENABLE_MODULES = YES;
				CLANG_ENABLE_OBJC_ARC = YES;
				CLANG_ENABLE_OBJC_WEAK = YES;
				CLANG_WARN_BLOCK_CAPTURE_AUTORELEASING = YES;
				CLANG_WARN_BOOL_CONVERSION = YES;
				CLANG_WARN_COMMA = YES;
				CLANG_WARN_CONSTANT_CONVERSION = YES;
				CLANG_WARN_DEPRECATED_OBJC_IMPLEMENTATIONS = YES;
				CLANG_WARN_DIRECT_OBJC_ISA_USAGE = YES_ERROR;
				CLANG_WARN_DOCUMENTATION_COMMENTS = YES;
				CLANG_WARN_EMPTY_BODY = YES;
				CLANG_WARN_ENUM_CONVERSION = YES;
				CLANG_WARN_INFINITE_RECURSION = YES;
				CLANG_WARN_INT_CONVERSION = YES;
				CLANG_WARN_NON_LITERAL_NULL_CONVERSION = YES;
				CLANG_WARN_OBJC_IMPLICIT_RETAIN_SELF = YES;
				CLANG_WARN_OBJC_LITERAL_CONVERSION = YES;
				CLANG_WARN_OBJC_ROOT_CLASS = YES_ERROR;
				CLANG_WARN_RANGE_LOOP_ANALYSIS = YES;
				CLANG_WARN_STRICT_PROTOTYPES = YES;
				CLANG_WARN_SUSPICIOUS_MOVE = YES;
				CLANG_WARN_UNGUARDED_AVAILABILITY = YES_AGGRESSIVE;
				CLANG_WARN_UNREACHABLE_CODE = YES;
				CLANG_WARN__DUPLICATE_METHOD_MATCH = YES;
				CODE_SIGN_IDENTITY = "iPhone Developer";
				COPY_PHASE_STRIP = NO;
				DEBUG_INFORMATION_FORMAT = dwarf;
				ENABLE_STRICT_OBJC_MSGSEND = YES;
				ENABLE_TESTABILITY = YES;
				GCC_C_LANGUAGE_STANDARD = gnu11;
				GCC_DYNAMIC_NO_PIC = NO;
				GCC_NO_COMMON_BLOCKS = YES;
				GCC_OPTIMIZATION_LEVEL = 0;
				GCC_PREPROCESSOR_DEFINITIONS = (
					"DEBUG=1",
					"$(inherited)",
				);
				GCC_WARN_64_TO_32_BIT_CONVERSION = YES;
				GCC_WARN_ABOUT_RETURN_TYPE = YES_ERROR;
				GCC_WARN_UNDECLARED_SELECTOR = YES;
				GCC_WARN_UNINITIALIZED_AUTOS = YES_AGGRESSIVE;
				GCC_WARN_UNUSED_FUNCTION = YES;
				GCC_WARN_UNUSED_VARIABLE = YES;
				IPHONEOS_DEPLOYMENT_TARGET = 12.1;
				MTL_ENABLE_DEBUG_INFO = INCLUDE_SOURCE;
				MTL_FAST_MATH = YES;
				ONLY_ACTIVE_ARCH = YES;
				SDKROOT = iphoneos;
				SWIFT_ACTIVE_COMPILATION_CONDITIONS = DEBUG;
				SWIFT_OPTIMIZATION_LEVEL = "-Onone";
			};
			name = Debug;
		};
		C08D203021C31F4800403B28 /* Release */ = {
			isa = XCBuildConfiguration;
			buildSettings = {
				ALWAYS_SEARCH_USER_PATHS = NO;
				CLANG_ANALYZER_NONNULL = YES;
				CLANG_ANALYZER_NUMBER_OBJECT_CONVERSION = YES_AGGRESSIVE;
				CLANG_CXX_LANGUAGE_STANDARD = "gnu++14";
				CLANG_CXX_LIBRARY = "libc++";
				CLANG_ENABLE_MODULES = YES;
				CLANG_ENABLE_OBJC_ARC = YES;
				CLANG_ENABLE_OBJC_WEAK = YES;
				CLANG_WARN_BLOCK_CAPTURE_AUTORELEASING = YES;
				CLANG_WARN_BOOL_CONVERSION = YES;
				CLANG_WARN_COMMA = YES;
				CLANG_WARN_CONSTANT_CONVERSION = YES;
				CLANG_WARN_DEPRECATED_OBJC_IMPLEMENTATIONS = YES;
				CLANG_WARN_DIRECT_OBJC_ISA_USAGE = YES_ERROR;
				CLANG_WARN_DOCUMENTATION_COMMENTS = YES;
				CLANG_WARN_EMPTY_BODY = YES;
				CLANG_WARN_ENUM_CONVERSION = YES;
				CLANG_WARN_INFINITE_RECURSION = YES;
				CLANG_WARN_INT_CONVERSION = YES;
				CLANG_WARN_NON_LITERAL_NULL_CONVERSION = YES;
				CLANG_WARN_OBJC_IMPLICIT_RETAIN_SELF = YES;
				CLANG_WARN_OBJC_LITERAL_CONVERSION = YES;
				CLANG_WARN_OBJC_ROOT_CLASS = YES_ERROR;
				CLANG_WARN_RANGE_LOOP_ANALYSIS = YES;
				CLANG_WARN_STRICT_PROTOTYPES = YES;
				CLANG_WARN_SUSPICIOUS_MOVE = YES;
				CLANG_WARN_UNGUARDED_AVAILABILITY = YES_AGGRESSIVE;
				CLANG_WARN_UNREACHABLE_CODE = YES;
				CLANG_WARN__DUPLICATE_METHOD_MATCH = YES;
				CODE_SIGN_IDENTITY = "iPhone Developer";
				COPY_PHASE_STRIP = NO;
				DEBUG_INFORMATION_FORMAT = "dwarf-with-dsym";
				ENABLE_NS_ASSERTIONS = NO;
				ENABLE_STRICT_OBJC_MSGSEND = YES;
				GCC_C_LANGUAGE_STANDARD = gnu11;
				GCC_NO_COMMON_BLOCKS = YES;
				GCC_WARN_64_TO_32_BIT_CONVERSION = YES;
				GCC_WARN_ABOUT_RETURN_TYPE = YES_ERROR;
				GCC_WARN_UNDECLARED_SELECTOR = YES;
				GCC_WARN_UNINITIALIZED_AUTOS = YES_AGGRESSIVE;
				GCC_WARN_UNUSED_FUNCTION = YES;
				GCC_WARN_UNUSED_VARIABLE = YES;
				IPHONEOS_DEPLOYMENT_TARGET = 12.1;
				MTL_ENABLE_DEBUG_INFO = NO;
				MTL_FAST_MATH = YES;
				SDKROOT = iphoneos;
				SWIFT_COMPILATION_MODE = wholemodule;
				SWIFT_OPTIMIZATION_LEVEL = "-O";
				VALIDATE_PRODUCT = YES;
			};
			name = Release;
		};
		C08D203221C31F4800403B28 /* Debug */ = {
			isa = XCBuildConfiguration;
			buildSettings = {
				ASSETCATALOG_COMPILER_APPICON_NAME = AppIcon;
				CODE_SIGN_STYLE = Automatic;
				INFOPLIST_FILE = tip_calculator/Info.plist;
				LD_RUNPATH_SEARCH_PATHS = (
					"$(inherited)",
					"@executable_path/Frameworks",
				);
				PRODUCT_BUNDLE_IDENTIFIER = "CS.tip-calculator";
				PRODUCT_NAME = "$(TARGET_NAME)";
				SWIFT_VERSION = 4.2;
				TARGETED_DEVICE_FAMILY = "1,2";
			};
			name = Debug;
		};
		C08D203321C31F4800403B28 /* Release */ = {
			isa = XCBuildConfiguration;
			buildSettings = {
				ASSETCATALOG_COMPILER_APPICON_NAME = AppIcon;
				CODE_SIGN_STYLE = Automatic;
				INFOPLIST_FILE = tip_calculator/Info.plist;
				LD_RUNPATH_SEARCH_PATHS = (
					"$(inherited)",
					"@executable_path/Frameworks",
				);
				PRODUCT_BUNDLE_IDENTIFIER = "CS.tip-calculator";
				PRODUCT_NAME = "$(TARGET_NAME)";
				SWIFT_VERSION = 4.2;
				TARGETED_DEVICE_FAMILY = "1,2";
			};
			name = Release;
		};
		C08D203521C31F4800403B28 /* Debug */ = {
			isa = XCBuildConfiguration;
			buildSettings = {
				ALWAYS_EMBED_SWIFT_STANDARD_LIBRARIES = YES;
				BUNDLE_LOADER = "$(TEST_HOST)";
				CODE_SIGN_STYLE = Automatic;
				INFOPLIST_FILE = tip_calculatorTests/Info.plist;
				LD_RUNPATH_SEARCH_PATHS = (
					"$(inherited)",
					"@executable_path/Frameworks",
					"@loader_path/Frameworks",
				);
				PRODUCT_BUNDLE_IDENTIFIER = "CS.tip-calculatorTests";
				PRODUCT_NAME = "$(TARGET_NAME)";
				SWIFT_VERSION = 4.2;
				TARGETED_DEVICE_FAMILY = "1,2";
				TEST_HOST = "$(BUILT_PRODUCTS_DIR)/tip_calculator.app/tip_calculator";
			};
			name = Debug;
		};
		C08D203621C31F4800403B28 /* Release */ = {
			isa = XCBuildConfiguration;
			buildSettings = {
				ALWAYS_EMBED_SWIFT_STANDARD_LIBRARIES = YES;
				BUNDLE_LOADER = "$(TEST_HOST)";
				CODE_SIGN_STYLE = Automatic;
				INFOPLIST_FILE = tip_calculatorTests/Info.plist;
				LD_RUNPATH_SEARCH_PATHS = (
					"$(inherited)",
					"@executable_path/Frameworks",
					"@loader_path/Frameworks",
				);
				PRODUCT_BUNDLE_IDENTIFIER = "CS.tip-calculatorTests";
				PRODUCT_NAME = "$(TARGET_NAME)";
				SWIFT_VERSION = 4.2;
				TARGETED_DEVICE_FAMILY = "1,2";
				TEST_HOST = "$(BUILT_PRODUCTS_DIR)/tip_calculator.app/tip_calculator";
			};
			name = Release;
		};
		C08D203821C31F4800403B28 /* Debug */ = {
			isa = XCBuildConfiguration;
			buildSettings = {
				ALWAYS_EMBED_SWIFT_STANDARD_LIBRARIES = YES;
				CODE_SIGN_STYLE = Automatic;
				INFOPLIST_FILE = tip_calculatorUITests/Info.plist;
				LD_RUNPATH_SEARCH_PATHS = (
					"$(inherited)",
					"@executable_path/Frameworks",
					"@loader_path/Frameworks",
				);
				PRODUCT_BUNDLE_IDENTIFIER = "CS.tip-calculatorUITests";
				PRODUCT_NAME = "$(TARGET_NAME)";
				SWIFT_VERSION = 4.2;
				TARGETED_DEVICE_FAMILY = "1,2";
				TEST_TARGET_NAME = tip_calculator;
			};
			name = Debug;
		};
		C08D203921C31F4800403B28 /* Release */ = {
			isa = XCBuildConfiguration;
			buildSettings = {
				ALWAYS_EMBED_SWIFT_STANDARD_LIBRARIES = YES;
				CODE_SIGN_STYLE = Automatic;
				INFOPLIST_FILE = tip_calculatorUITests/Info.plist;
				LD_RUNPATH_SEARCH_PATHS = (
					"$(inherited)",
					"@executable_path/Frameworks",
					"@loader_path/Frameworks",
				);
				PRODUCT_BUNDLE_IDENTIFIER = "CS.tip-calculatorUITests";
				PRODUCT_NAME = "$(TARGET_NAME)";
				SWIFT_VERSION = 4.2;
				TARGETED_DEVICE_FAMILY = "1,2";
				TEST_TARGET_NAME = tip_calculator;
			};
			name = Release;
		};
/* End XCBuildConfiguration section */

/* Begin XCConfigurationList section */
		C08D200421C31F4200403B28 /* Build configuration list for PBXProject "tip_calculator" */ = {
			isa = XCConfigurationList;
			buildConfigurations = (
				C08D202F21C31F4800403B28 /* Debug */,
				C08D203021C31F4800403B28 /* Release */,
			);
			defaultConfigurationIsVisible = 0;
			defaultConfigurationName = Release;
		};
		C08D203121C31F4800403B28 /* Build configuration list for PBXNativeTarget "tip_calculator" */ = {
			isa = XCConfigurationList;
			buildConfigurations = (
				C08D203221C31F4800403B28 /* Debug */,
				C08D203321C31F4800403B28 /* Release */,
			);
			defaultConfigurationIsVisible = 0;
			defaultConfigurationName = Release;
		};
		C08D203421C31F4800403B28 /* Build configuration list for PBXNativeTarget "tip_calculatorTests" */ = {
			isa = XCConfigurationList;
			buildConfigurations = (
				C08D203521C31F4800403B28 /* Debug */,
				C08D203621C31F4800403B28 /* Release */,
			);
			defaultConfigurationIsVisible = 0;
			defaultConfigurationName = Release;
		};
		C08D203721C31F4800403B28 /* Build configuration list for PBXNativeTarget "tip_calculatorUITests" */ = {
			isa = XCConfigurationList;
			buildConfigurations = (
				C08D203821C31F4800403B28 /* Debug */,
				C08D203921C31F4800403B28 /* Release */,
			);
			defaultConfigurationIsVisible = 0;
			defaultConfigurationName = Release;
		};
/* End XCConfigurationList section */
	};
	rootObject = C08D200121C31F4200403B28 /* Project object */;
}
